
Microsoft Visual Studio Solution File, Format Version 12.00
# Visual Studio Version 17
VisualStudioVersion = 17.14.36109.1
MinimumVisualStudioVersion = 10.0.40219.1
Project("{2150E333-8FDC-42A3-9474-1A3956D46DE8}") = "src", "src", "{02EA681E-C7D8-13C7-8484-4AC65E1B71E8}"
EndProject
Project("{2150E333-8FDC-42A3-9474-1A3956D46DE8}") = "tests", "tests", "{8A690A6E-702E-4720-AA44-84303F727BDD}"
EndProject
Project("{2150E333-8FDC-42A3-9474-1A3956D46DE8}") = "Backend", "Backend", "{C00AD45B-1043-4F64-B855-66F69A1F6FF5}"
EndProject
Project("{FAE04EC0-301F-11D3-BF4B-00C04F79EFBC}") = "UserTransactions.Domain", "src\Backend\UserTransactions.Domain\UserTransactions.Domain.csproj", "{D86E8520-6159-9A69-BC8E-1001DD864A82}"
EndProject
Project("{2150E333-8FDC-42A3-9474-1A3956D46DE8}") = "Solution Items", "Solution Items", "{83A43365-DE0F-4FF9-83A8-AF420B505F45}"
	ProjectSection(SolutionItems) = preProject
		.editorconfig = .editorconfig
		.github\workflows\dotnet.yml = .github\workflows\dotnet.yml
	EndProjectSection
EndProject
Project("{FAE04EC0-301F-11D3-BF4B-00C04F79EFBC}") = "UserTransactions.Tests", "tests\UserTransactions.Tests\UserTransactions.Tests.csproj", "{B0A7025A-645B-BC7E-F9EA-AF37B3BBAE52}"
EndProject
Project("{2150E333-8FDC-42A3-9474-1A3956D46DE8}") = "Shared", "Shared", "{DA3CBFBB-B7E7-4312-BE72-C9DC6EA9F751}"
EndProject
Project("{FAE04EC0-301F-11D3-BF4B-00C04F79EFBC}") = "UserTransactions.Exception", "src\Shared\UserTransactions.Exception\UserTransactions.Exception.csproj", "{1F2FDA40-562B-A422-DEFB-93A3F530F5CD}"
EndProject
Global
	GlobalSection(SolutionConfigurationPlatforms) = preSolution
		Debug|Any CPU = Debug|Any CPU
		Release|Any CPU = Release|Any CPU
	EndGlobalSection
	GlobalSection(ProjectConfigurationPlatforms) = postSolution
		{D86E8520-6159-9A69-BC8E-1001DD864A82}.Debug|Any CPU.ActiveCfg = Debug|Any CPU
		{D86E8520-6159-9A69-BC8E-1001DD864A82}.Debug|Any CPU.Build.0 = Debug|Any CPU
		{D86E8520-6159-9A69-BC8E-1001DD864A82}.Release|Any CPU.ActiveCfg = Release|Any CPU
		{D86E8520-6159-9A69-BC8E-1001DD864A82}.Release|Any CPU.Build.0 = Release|Any CPU
		{B0A7025A-645B-BC7E-F9EA-AF37B3BBAE52}.Debug|Any CPU.ActiveCfg = Debug|Any CPU
		{B0A7025A-645B-BC7E-F9EA-AF37B3BBAE52}.Debug|Any CPU.Build.0 = Debug|Any CPU
		{B0A7025A-645B-BC7E-F9EA-AF37B3BBAE52}.Release|Any CPU.ActiveCfg = Release|Any CPU
		{B0A7025A-645B-BC7E-F9EA-AF37B3BBAE52}.Release|Any CPU.Build.0 = Release|Any CPU
		{1F2FDA40-562B-A422-DEFB-93A3F530F5CD}.Debug|Any CPU.ActiveCfg = Debug|Any CPU
		{1F2FDA40-562B-A422-DEFB-93A3F530F5CD}.Debug|Any CPU.Build.0 = Debug|Any CPU
		{1F2FDA40-562B-A422-DEFB-93A3F530F5CD}.Release|Any CPU.ActiveCfg = Release|Any CPU
		{1F2FDA40-562B-A422-DEFB-93A3F530F5CD}.Release|Any CPU.Build.0 = Release|Any CPU
	EndGlobalSection
	GlobalSection(SolutionProperties) = preSolution
		HideSolutionNode = FALSE
	EndGlobalSection
	GlobalSection(NestedProjects) = preSolution
		{C00AD45B-1043-4F64-B855-66F69A1F6FF5} = {02EA681E-C7D8-13C7-8484-4AC65E1B71E8}
		{D86E8520-6159-9A69-BC8E-1001DD864A82} = {C00AD45B-1043-4F64-B855-66F69A1F6FF5}
		{B0A7025A-645B-BC7E-F9EA-AF37B3BBAE52} = {8A690A6E-702E-4720-AA44-84303F727BDD}
		{DA3CBFBB-B7E7-4312-BE72-C9DC6EA9F751} = {02EA681E-C7D8-13C7-8484-4AC65E1B71E8}
		{1F2FDA40-562B-A422-DEFB-93A3F530F5CD} = {DA3CBFBB-B7E7-4312-BE72-C9DC6EA9F751}
	EndGlobalSection
	GlobalSection(ExtensibilityGlobals) = postSolution
		SolutionGuid = {ED4FD802-8543-4C57-9CC3-425427214562}
	EndGlobalSection
EndGlobal
