
Microsoft Visual Studio Solution File, Format Version 12.00
# Visual Studio Version 17
VisualStudioVersion = 17.14.36109.1
MinimumVisualStudioVersion = 10.0.40219.1
Project("{2150E333-8FDC-42A3-9474-1A3956D46DE8}") = "src", "src", "{02EA681E-C7D8-13C7-8484-4AC65E1B71E8}"
EndProject
Project("{2150E333-8FDC-42A3-9474-1A3956D46DE8}") = "tests", "tests", "{8A690A6E-702E-4720-AA44-84303F727BDD}"
EndProject
Project("{2150E333-8FDC-42A3-9474-1A3956D46DE8}") = "Backend", "Backend", "{C00AD45B-1043-4F64-B855-66F69A1F6FF5}"
EndProject
Project("{FAE04EC0-301F-11D3-BF4B-00C04F79EFBC}") = "UserTransactions.Domain", "src\Backend\UserTransactions.Domain\UserTransactions.Domain.csproj", "{D86E8520-6159-9A69-BC8E-1001DD864A82}"
EndProject
Project("{2150E333-8FDC-42A3-9474-1A3956D46DE8}") = "Solution Items", "Solution Items", "{83A43365-DE0F-4FF9-83A8-AF420B505F45}"
	ProjectSection(SolutionItems) = preProject
		.editorconfig = .editorconfig
		.gitignore = .gitignore
		docker-compose.yml = docker-compose.yml
		.github\workflows\dotnet.yml = .github\workflows\dotnet.yml
	EndProjectSection
EndProject
Project("{FAE04EC0-301F-11D3-BF4B-00C04F79EFBC}") = "UserTransactions.Tests", "tests\UserTransactions.Tests\UserTransactions.Tests.csproj", "{B0A7025A-645B-BC7E-F9EA-AF37B3BBAE52}"
EndProject
Project("{2150E333-8FDC-42A3-9474-1A3956D46DE8}") = "Shared", "Shared", "{DA3CBFBB-B7E7-4312-BE72-C9DC6EA9F751}"
EndProject
Project("{FAE04EC0-301F-11D3-BF4B-00C04F79EFBC}") = "UserTransactions.Exception", "src\Shared\UserTransactions.Exception\UserTransactions.Exception.csproj", "{1F2FDA40-562B-A422-DEFB-93A3F530F5CD}"
EndProject
Project("{FAE04EC0-301F-11D3-BF4B-00C04F79EFBC}") = "UserTransactions.Application", "src\Backend\UserTransactions.Application\UserTransactions.Application.csproj", "{A390DDE6-6604-6DDE-218C-F46B20A80F6D}"
EndProject
Project("{FAE04EC0-301F-11D3-BF4B-00C04F79EFBC}") = "UserTransactions.Communication", "src\Shared\UserTransactions.Communication\UserTransactions.Communication.csproj", "{2B56147B-EE9B-06C6-F887-540957D517E3}"
EndProject
Project("{FAE04EC0-301F-11D3-BF4B-00C04F79EFBC}") = "UserTransactions.Infrastructure", "src\Backend\UserTransactions.Infrastructure\UserTransactions.Infrastructure.csproj", "{E9D69576-BC10-C769-6B8B-DA5981C773F5}"
EndProject
Project("{FAE04EC0-301F-11D3-BF4B-00C04F79EFBC}") = "UserTransactions.API", "src\Backend\UserTransactions.API\UserTransactions.API.csproj", "{46F5147B-D6CA-7659-A1B8-86A1CB6D529D}"
EndProject
Project("{2150E333-8FDC-42A3-9474-1A3956D46DE8}") = "Consumer", "Consumer", "{F9B416E4-A950-401E-B9F7-181E3D7656A7}"
EndProject
Project("{FAE04EC0-301F-11D3-BF4B-00C04F79EFBC}") = "UserTransactions.Consumer", "src\Consumer\UserTransactions.Consumer\UserTransactions.Consumer.csproj", "{A35B3E8B-4AD7-1598-0E61-3E8F8CA0F43E}"
EndProject
Global
	GlobalSection(SolutionConfigurationPlatforms) = preSolution
		Debug|Any CPU = Debug|Any CPU
		Release|Any CPU = Release|Any CPU
	EndGlobalSection
	GlobalSection(ProjectConfigurationPlatforms) = postSolution
		{D86E8520-6159-9A69-BC8E-1001DD864A82}.Debug|Any CPU.ActiveCfg = Debug|Any CPU
		{D86E8520-6159-9A69-BC8E-1001DD864A82}.Debug|Any CPU.Build.0 = Debug|Any CPU
		{D86E8520-6159-9A69-BC8E-1001DD864A82}.Release|Any CPU.ActiveCfg = Release|Any CPU
		{D86E8520-6159-9A69-BC8E-1001DD864A82}.Release|Any CPU.Build.0 = Release|Any CPU
		{B0A7025A-645B-BC7E-F9EA-AF37B3BBAE52}.Debug|Any CPU.ActiveCfg = Debug|Any CPU
		{B0A7025A-645B-BC7E-F9EA-AF37B3BBAE52}.Debug|Any CPU.Build.0 = Debug|Any CPU
		{B0A7025A-645B-BC7E-F9EA-AF37B3BBAE52}.Release|Any CPU.ActiveCfg = Release|Any CPU
		{B0A7025A-645B-BC7E-F9EA-AF37B3BBAE52}.Release|Any CPU.Build.0 = Release|Any CPU
		{1F2FDA40-562B-A422-DEFB-93A3F530F5CD}.Debug|Any CPU.ActiveCfg = Debug|Any CPU
		{1F2FDA40-562B-A422-DEFB-93A3F530F5CD}.Debug|Any CPU.Build.0 = Debug|Any CPU
		{1F2FDA40-562B-A422-DEFB-93A3F530F5CD}.Release|Any CPU.ActiveCfg = Release|Any CPU
		{1F2FDA40-562B-A422-DEFB-93A3F530F5CD}.Release|Any CPU.Build.0 = Release|Any CPU
		{A390DDE6-6604-6DDE-218C-F46B20A80F6D}.Debug|Any CPU.ActiveCfg = Debug|Any CPU
		{A390DDE6-6604-6DDE-218C-F46B20A80F6D}.Debug|Any CPU.Build.0 = Debug|Any CPU
		{A390DDE6-6604-6DDE-218C-F46B20A80F6D}.Release|Any CPU.ActiveCfg = Release|Any CPU
		{A390DDE6-6604-6DDE-218C-F46B20A80F6D}.Release|Any CPU.Build.0 = Release|Any CPU
		{2B56147B-EE9B-06C6-F887-540957D517E3}.Debug|Any CPU.ActiveCfg = Debug|Any CPU
		{2B56147B-EE9B-06C6-F887-540957D517E3}.Debug|Any CPU.Build.0 = Debug|Any CPU
		{2B56147B-EE9B-06C6-F887-540957D517E3}.Release|Any CPU.ActiveCfg = Release|Any CPU
		{2B56147B-EE9B-06C6-F887-540957D517E3}.Release|Any CPU.Build.0 = Release|Any CPU
		{E9D69576-BC10-C769-6B8B-DA5981C773F5}.Debug|Any CPU.ActiveCfg = Debug|Any CPU
		{E9D69576-BC10-C769-6B8B-DA5981C773F5}.Debug|Any CPU.Build.0 = Debug|Any CPU
		{E9D69576-BC10-C769-6B8B-DA5981C773F5}.Release|Any CPU.ActiveCfg = Release|Any CPU
		{E9D69576-BC10-C769-6B8B-DA5981C773F5}.Release|Any CPU.Build.0 = Release|Any CPU
		{46F5147B-D6CA-7659-A1B8-86A1CB6D529D}.Debug|Any CPU.ActiveCfg = Debug|Any CPU
		{46F5147B-D6CA-7659-A1B8-86A1CB6D529D}.Debug|Any CPU.Build.0 = Debug|Any CPU
		{46F5147B-D6CA-7659-A1B8-86A1CB6D529D}.Release|Any CPU.ActiveCfg = Release|Any CPU
		{46F5147B-D6CA-7659-A1B8-86A1CB6D529D}.Release|Any CPU.Build.0 = Release|Any CPU
		{A35B3E8B-4AD7-1598-0E61-3E8F8CA0F43E}.Debug|Any CPU.ActiveCfg = Debug|Any CPU
		{A35B3E8B-4AD7-1598-0E61-3E8F8CA0F43E}.Debug|Any CPU.Build.0 = Debug|Any CPU
		{A35B3E8B-4AD7-1598-0E61-3E8F8CA0F43E}.Release|Any CPU.ActiveCfg = Release|Any CPU
		{A35B3E8B-4AD7-1598-0E61-3E8F8CA0F43E}.Release|Any CPU.Build.0 = Release|Any CPU
	EndGlobalSection
	GlobalSection(SolutionProperties) = preSolution
		HideSolutionNode = FALSE
	EndGlobalSection
	GlobalSection(NestedProjects) = preSolution
		{C00AD45B-1043-4F64-B855-66F69A1F6FF5} = {02EA681E-C7D8-13C7-8484-4AC65E1B71E8}
		{D86E8520-6159-9A69-BC8E-1001DD864A82} = {C00AD45B-1043-4F64-B855-66F69A1F6FF5}
		{B0A7025A-645B-BC7E-F9EA-AF37B3BBAE52} = {8A690A6E-702E-4720-AA44-84303F727BDD}
		{DA3CBFBB-B7E7-4312-BE72-C9DC6EA9F751} = {02EA681E-C7D8-13C7-8484-4AC65E1B71E8}
		{1F2FDA40-562B-A422-DEFB-93A3F530F5CD} = {DA3CBFBB-B7E7-4312-BE72-C9DC6EA9F751}
		{A390DDE6-6604-6DDE-218C-F46B20A80F6D} = {C00AD45B-1043-4F64-B855-66F69A1F6FF5}
		{2B56147B-EE9B-06C6-F887-540957D517E3} = {DA3CBFBB-B7E7-4312-BE72-C9DC6EA9F751}
		{E9D69576-BC10-C769-6B8B-DA5981C773F5} = {C00AD45B-1043-4F64-B855-66F69A1F6FF5}
		{46F5147B-D6CA-7659-A1B8-86A1CB6D529D} = {C00AD45B-1043-4F64-B855-66F69A1F6FF5}
		{F9B416E4-A950-401E-B9F7-181E3D7656A7} = {02EA681E-C7D8-13C7-8484-4AC65E1B71E8}
		{A35B3E8B-4AD7-1598-0E61-3E8F8CA0F43E} = {F9B416E4-A950-401E-B9F7-181E3D7656A7}
	EndGlobalSection
	GlobalSection(ExtensibilityGlobals) = postSolution
		SolutionGuid = {ED4FD802-8543-4C57-9CC3-425427214562}
	EndGlobalSection
EndGlobal
